// !$*UTF8*$!
{
	archiveVersion = 1;
	classes = {
	};
	objectVersion = 50;
	objects = {

/* Begin PBXBuildFile section */
		33490AF8237DB89600A9064E /* File.swift in Sources */ = {isa = PBXBuildFile; fileRef = 33490AF7237DB89600A9064E /* File.swift */; };
		33638F692375D0F2008D9402 /* AppDelegate.swift in Sources */ = {isa = PBXBuildFile; fileRef = 33638F682375D0F2008D9402 /* AppDelegate.swift */; };
		33638F6B2375D0F2008D9402 /* ViewController.swift in Sources */ = {isa = PBXBuildFile; fileRef = 33638F6A2375D0F2008D9402 /* ViewController.swift */; };
		33638F6E2375D0F2008D9402 /* Main.storyboard in Resources */ = {isa = PBXBuildFile; fileRef = 33638F6C2375D0F2008D9402 /* Main.storyboard */; };
		33638F702375D0F5008D9402 /* Assets.xcassets in Resources */ = {isa = PBXBuildFile; fileRef = 33638F6F2375D0F5008D9402 /* Assets.xcassets */; };
		33638F732375D0F5008D9402 /* LaunchScreen.storyboard in Resources */ = {isa = PBXBuildFile; fileRef = 33638F712375D0F5008D9402 /* LaunchScreen.storyboard */; };
		33638F7B2375D351008D9402 /* TableViewController.swift in Sources */ = {isa = PBXBuildFile; fileRef = 33638F7A2375D351008D9402 /* TableViewController.swift */; };
/* End PBXBuildFile section */

/* Begin PBXFileReference section */
		33490AF7237DB89600A9064E /* File.swift */ = {isa = PBXFileReference; lastKnownFileType = sourcecode.swift; path = File.swift; sourceTree = "<group>"; };
		33638F652375D0F2008D9402 /* Boats.app */ = {isa = PBXFileReference; explicitFileType = wrapper.application; includeInIndex = 0; path = Boats.app; sourceTree = BUILT_PRODUCTS_DIR; };
		33638F682375D0F2008D9402 /* AppDelegate.swift */ = {isa = PBXFileReference; lastKnownFileType = sourcecode.swift; path = AppDelegate.swift; sourceTree = "<group>"; };
		33638F6A2375D0F2008D9402 /* ViewController.swift */ = {isa = PBXFileReference; lastKnownFileType = sourcecode.swift; path = ViewController.swift; sourceTree = "<group>"; };
		33638F6D2375D0F2008D9402 /* Base */ = {isa = PBXFileReference; lastKnownFileType = file.storyboard; name = Base; path = Base.lproj/Main.storyboard; sourceTree = "<group>"; };
		33638F6F2375D0F5008D9402 /* Assets.xcassets */ = {isa = PBXFileReference; lastKnownFileType = folder.assetcatalog; path = Assets.xcassets; sourceTree = "<group>"; };
		33638F722375D0F5008D9402 /* Base */ = {isa = PBXFileReference; lastKnownFileType = file.storyboard; name = Base; path = Base.lproj/LaunchScreen.storyboard; sourceTree = "<group>"; };
		33638F742375D0F6008D9402 /* Info.plist */ = {isa = PBXFileReference; lastKnownFileType = text.plist.xml; path = Info.plist; sourceTree = "<group>"; };
		33638F7A2375D351008D9402 /* TableViewController.swift */ = {isa = PBXFileReference; lastKnownFileType = sourcecode.swift; path = TableViewController.swift; sourceTree = "<group>"; };
/* End PBXFileReference section */

/* Begin PBXFrameworksBuildPhase section */
		33638F622375D0F2008D9402 /* Frameworks */ = {
			isa = PBXFrameworksBuildPhase;
			buildActionMask = 2147483647;
			files = (
			);
			runOnlyForDeploymentPostprocessing = 0;
		};
/* End PBXFrameworksBuildPhase section */

/* Begin PBXGroup section */
		33638F5C2375D0F2008D9402 = {
			isa = PBXGroup;
			children = (
				33638F672375D0F2008D9402 /* Boats */,
				33638F662375D0F2008D9402 /* Products */,
			);
			sourceTree = "<group>";
		};
		33638F662375D0F2008D9402 /* Products */ = {
			isa = PBXGroup;
			children = (
				33638F652375D0F2008D9402 /* Boats.app */,
			);
			name = Products;
			sourceTree = "<group>";
		};
		33638F672375D0F2008D9402 /* Boats */ = {
			isa = PBXGroup;
			children = (
				33638F682375D0F2008D9402 /* AppDelegate.swift */,
				33638F6A2375D0F2008D9402 /* ViewController.swift */,
				33490AF7237DB89600A9064E /* File.swift */,
				33638F7A2375D351008D9402 /* TableViewController.swift */,
				33638F6C2375D0F2008D9402 /* Main.storyboard */,
				33638F6F2375D0F5008D9402 /* Assets.xcassets */,
				33638F712375D0F5008D9402 /* LaunchScreen.storyboard */,
				33638F742375D0F6008D9402 /* Info.plist */,
			);
			path = Boats;
			sourceTree = "<group>";
		};
/* End PBXGroup section */

/* Begin PBXNativeTarget section */
		33638F642375D0F2008D9402 /* Boats */ = {
			isa = PBXNativeTarget;
			buildConfigurationList = 33638F772375D0F6008D9402 /* Build configuration list for PBXNativeTarget "Boats" */;
			buildPhases = (
				33638F612375D0F2008D9402 /* Sources */,
				33638F622375D0F2008D9402 /* Frameworks */,
				33638F632375D0F2008D9402 /* Resources */,
			);
			buildRules = (
			);
			dependencies = (
			);
			name = Boats;
			productName = Boats;
			productReference = 33638F652375D0F2008D9402 /* Boats.app */;
			productType = "com.apple.product-type.application";
		};
/* End PBXNativeTarget section */

/* Begin PBXProject section */
		33638F5D2375D0F2008D9402 /* Project object */ = {
			isa = PBXProject;
			attributes = {
				LastSwiftUpdateCheck = 1030;
				LastUpgradeCheck = 1030;
				ORGANIZATIONNAME = "Dani Lubezki";
				TargetAttributes = {
					33638F642375D0F2008D9402 = {
						CreatedOnToolsVersion = 10.3;
					};
				};
			};
			buildConfigurationList = 33638F602375D0F2008D9402 /* Build configuration list for PBXProject "Boats" */;
			compatibilityVersion = "Xcode 9.3";
			developmentRegion = en;
			hasScannedForEncodings = 0;
			knownRegions = (
				en,
				Base,
			);
			mainGroup = 33638F5C2375D0F2008D9402;
			productRefGroup = 33638F662375D0F2008D9402 /* Products */;
			projectDirPath = "";
			projectRoot = "";
			targets = (
				33638F642375D0F2008D9402 /* Boats */,
			);
		};
/* End PBXProject section */

/* Begin PBXResourcesBuildPhase section */
		33638F632375D0F2008D9402 /* Resources */ = {
			isa = PBXResourcesBuildPhase;
			buildActionMask = 2147483647;
			files = (
				33638F732375D0F5008D9402 /* LaunchScreen.storyboard in Resources */,
				33638F702375D0F5008D9402 /* Assets.xcassets in Resources */,
				33638F6E2375D0F2008D9402 /* Main.storyboard in Resources */,
			);
			runOnlyForDeploymentPostprocessing = 0;
		};
/* End PBXResourcesBuildPhase section */

/* Begin PBXSourcesBuildPhase section */
		33638F612375D0F2008D9402 /* Sources */ = {
			isa = PBXSourcesBuildPhase;
			buildActionMask = 2147483647;
			files = (
				33638F6B2375D0F2008D9402 /* ViewController.swift in Sources */,
				33490AF8237DB89600A9064E /* File.swift in Sources */,
				33638F7B2375D351008D9402 /* TableViewController.swift in Sources */,
				33638F692375D0F2008D9402 /* AppDelegate.swift in Sources */,
			);
			runOnlyForDeploymentPostprocessing = 0;
		};
/* End PBXSourcesBuildPhase section */

/* Begin PBXVariantGroup section */
		33638F6C2375D0F2008D9402 /* Main.storyboard */ = {
			isa = PBXVariantGroup;
			children = (
				33638F6D2375D0F2008D9402 /* Base */,
			);
			name = Main.storyboard;
			sourceTree = "<group>";
		};
		33638F712375D0F5008D9402 /* LaunchScreen.storyboard */ = {
			isa = PBXVariantGroup;
			children = (
				33638F722375D0F5008D9402 /* Base */,
			);
			name = LaunchScreen.storyboard;
			sourceTree = "<group>";
		};
/* End PBXVariantGroup section */

/* Begin XCBuildConfiguration section */
		33638F752375D0F6008D9402 /* Debug */ = {
			isa = XCBuildConfiguration;
			buildSettings = {
				ALWAYS_SEARCH_USER_PATHS = NO;
				CLANG_ANALYZER_NONNULL = YES;
				CLANG_ANALYZER_NUMBER_OBJECT_CONVERSION = YES_AGGRESSIVE;
				CLANG_CXX_LANGUAGE_STANDARD = "gnu++14";
				CLANG_CXX_LIBRARY = "libc++";
				CLANG_ENABLE_MODULES = YES;
				CLANG_ENABLE_OBJC_ARC = YES;
				CLANG_ENABLE_OBJC_WEAK = YES;
				CLANG_WARN_BLOCK_CAPTURE_AUTORELEASING = YES;
				CLANG_WARN_BOOL_CONVERSION = YES;
				CLANG_WARN_COMMA = YES;
				CLANG_WARN_CONSTANT_CONVERSION = YES;
				CLANG_WARN_DEPRECATED_OBJC_IMPLEMENTATIONS = YES;
				CLANG_WARN_DIRECT_OBJC_ISA_USAGE = YES_ERROR;
				CLANG_WARN_DOCUMENTATION_COMMENTS = YES;
				CLANG_WARN_EMPTY_BODY = YES;
				CLANG_WARN_ENUM_CONVERSION = YES;
				CLANG_WARN_INFINITE_RECURSION = YES;
				CLANG_WARN_INT_CONVERSION = YES;
				CLANG_WARN_NON_LITERAL_NULL_CONVERSION = YES;
				CLANG_WARN_OBJC_IMPLICIT_RETAIN_SELF = YES;
				CLANG_WARN_OBJC_LITERAL_CONVERSION = YES;
				CLANG_WARN_OBJC_ROOT_CLASS = YES_ERROR;
				CLANG_WARN_RANGE_LOOP_ANALYSIS = YES;
				CLANG_WARN_STRICT_PROTOTYPES = YES;
				CLANG_WARN_SUSPICIOUS_MOVE = YES;
				CLANG_WARN_UNGUARDED_AVAILABILITY = YES_AGGRESSIVE;
				CLANG_WARN_UNREACHABLE_CODE = YES;
				CLANG_WARN__DUPLICATE_METHOD_MATCH = YES;
				CODE_SIGN_IDENTITY = "iPhone Developer";
				COPY_PHASE_STRIP = NO;
				DEBUG_INFORMATION_FORMAT = dwarf;
				ENABLE_STRICT_OBJC_MSGSEND = YES;
				ENABLE_TESTABILITY = YES;
				GCC_C_LANGUAGE_STANDARD = gnu11;
				GCC_DYNAMIC_NO_PIC = NO;
				GCC_NO_COMMON_BLOCKS = YES;
				GCC_OPTIMIZATION_LEVEL = 0;
				GCC_PREPROCESSOR_DEFINITIONS = (
					"DEBUG=1",
					"$(inherited)",
				);
				GCC_WARN_64_TO_32_BIT_CONVERSION = YES;
				GCC_WARN_ABOUT_RETURN_TYPE = YES_ERROR;
				GCC_WARN_UNDECLARED_SELECTOR = YES;
				GCC_WARN_UNINITIALIZED_AUTOS = YES_AGGRESSIVE;
				GCC_WARN_UNUSED_FUNCTION = YES;
				GCC_WARN_UNUSED_VARIABLE = YES;
				IPHONEOS_DEPLOYMENT_TARGET = 12.4;
				MTL_ENABLE_DEBUG_INFO = INCLUDE_SOURCE;
				MTL_FAST_MATH = YES;
				ONLY_ACTIVE_ARCH = YES;
				SDKROOT = iphoneos;
				SWIFT_ACTIVE_COMPILATION_CONDITIONS = DEBUG;
				SWIFT_OPTIMIZATION_LEVEL = "-Onone";
			};
			name = Debug;
		};
		33638F762375D0F6008D9402 /* Release */ = {
			isa = XCBuildConfiguration;
			buildSettings = {
				ALWAYS_SEARCH_USER_PATHS = NO;
				CLANG_ANALYZER_NONNULL = YES;
				CLANG_ANALYZER_NUMBER_OBJECT_CONVERSION = YES_AGGRESSIVE;
				CLANG_CXX_LANGUAGE_STANDARD = "gnu++14";
				CLANG_CXX_LIBRARY = "libc++";
				CLANG_ENABLE_MODULES = YES;
				CLANG_ENABLE_OBJC_ARC = YES;
				CLANG_ENABLE_OBJC_WEAK = YES;
				CLANG_WARN_BLOCK_CAPTURE_AUTORELEASING = YES;
				CLANG_WARN_BOOL_CONVERSION = YES;
				CLANG_WARN_COMMA = YES;
				CLANG_WARN_CONSTANT_CONVERSION = YES;
				CLANG_WARN_DEPRECATED_OBJC_IMPLEMENTATIONS = YES;
				CLANG_WARN_DIRECT_OBJC_ISA_USAGE = YES_ERROR;
				CLANG_WARN_DOCUMENTATION_COMMENTS = YES;
				CLANG_WARN_EMPTY_BODY = YES;
				CLANG_WARN_ENUM_CONVERSION = YES;
				CLANG_WARN_INFINITE_RECURSION = YES;
				CLANG_WARN_INT_CONVERSION = YES;
				CLANG_WARN_NON_LITERAL_NULL_CONVERSION = YES;
				CLANG_WARN_OBJC_IMPLICIT_RETAIN_SELF = YES;
				CLANG_WARN_OBJC_LITERAL_CONVERSION = YES;
				CLANG_WARN_OBJC_ROOT_CLASS = YES_ERROR;
				CLANG_WARN_RANGE_LOOP_ANALYSIS = YES;
				CLANG_WARN_STRICT_PROTOTYPES = YES;
				CLANG_WARN_SUSPICIOUS_MOVE = YES;
				CLANG_WARN_UNGUARDED_AVAILABILITY = YES_AGGRESSIVE;
				CLANG_WARN_UNREACHABLE_CODE = YES;
				CLANG_WARN__DUPLICATE_METHOD_MATCH = YES;
				CODE_SIGN_IDENTITY = "iPhone Developer";
				COPY_PHASE_STRIP = NO;
				DEBUG_INFORMATION_FORMAT = "dwarf-with-dsym";
				ENABLE_NS_ASSERTIONS = NO;
				ENABLE_STRICT_OBJC_MSGSEND = YES;
				GCC_C_LANGUAGE_STANDARD = gnu11;
				GCC_NO_COMMON_BLOCKS = YES;
				GCC_WARN_64_TO_32_BIT_CONVERSION = YES;
				GCC_WARN_ABOUT_RETURN_TYPE = YES_ERROR;
				GCC_WARN_UNDECLARED_SELECTOR = YES;
				GCC_WARN_UNINITIALIZED_AUTOS = YES_AGGRESSIVE;
				GCC_WARN_UNUSED_FUNCTION = YES;
				GCC_WARN_UNUSED_VARIABLE = YES;
				IPHONEOS_DEPLOYMENT_TARGET = 12.4;
				MTL_ENABLE_DEBUG_INFO = NO;
				MTL_FAST_MATH = YES;
				SDKROOT = iphoneos;
				SWIFT_COMPILATION_MODE = wholemodule;
				SWIFT_OPTIMIZATION_LEVEL = "-O";
				VALIDATE_PRODUCT = YES;
			};
			name = Release;
		};
		33638F782375D0F6008D9402 /* Debug */ = {
			isa = XCBuildConfiguration;
			buildSettings = {
				ASSETCATALOG_COMPILER_APPICON_NAME = AppIcon;
				CODE_SIGN_STYLE = Automatic;
				INFOPLIST_FILE = Boats/Info.plist;
				LD_RUNPATH_SEARCH_PATHS = (
					"$(inherited)",
					"@executable_path/Frameworks",
				);
				PRODUCT_BUNDLE_IDENTIFIER = com.DanielaLubezki.Boats;
				PRODUCT_NAME = "$(TARGET_NAME)";
				SWIFT_VERSION = 5.0;
				TARGETED_DEVICE_FAMILY = "1,2";
			};
			name = Debug;
		};
		33638F792375D0F6008D9402 /* Release */ = {
			isa = XCBuildConfiguration;
			buildSettings = {
				ASSETCATALOG_COMPILER_APPICON_NAME = AppIcon;
				CODE_SIGN_STYLE = Automatic;
				INFOPLIST_FILE = Boats/Info.plist;
				LD_RUNPATH_SEARCH_PATHS = (
					"$(inherited)",
					"@executable_path/Frameworks",
				);
				PRODUCT_BUNDLE_IDENTIFIER = com.DanielaLubezki.Boats;
				PRODUCT_NAME = "$(TARGET_NAME)";
				SWIFT_VERSION = 5.0;
				TARGETED_DEVICE_FAMILY = "1,2";
			};
			name = Release;
		};
/* End XCBuildConfiguration section */

/* Begin XCConfigurationList section */
		33638F602375D0F2008D9402 /* Build configuration list for PBXProject "Boats" */ = {
			isa = XCConfigurationList;
			buildConfigurations = (
				33638F752375D0F6008D9402 /* Debug */,
				33638F762375D0F6008D9402 /* Release */,
			);
			defaultConfigurationIsVisible = 0;
			defaultConfigurationName = Release;
		};
		33638F772375D0F6008D9402 /* Build configuration list for PBXNativeTarget "Boats" */ = {
			isa = XCConfigurationList;
			buildConfigurations = (
				33638F782375D0F6008D9402 /* Debug */,
				33638F792375D0F6008D9402 /* Release */,
			);
			defaultConfigurationIsVisible = 0;
			defaultConfigurationName = Release;
		};
/* End XCConfigurationList section */
	};
	rootObject = 33638F5D2375D0F2008D9402 /* Project object */;
}
