// !$*UTF8*$!
{
	archiveVersion = 1;
	classes = {
	};
	objectVersion = 50;
	objects = {

/* Begin PBXBuildFile section */
		C523AA4C2344FA1C0035CCA3 /* AppDelegate.swift in Sources */ = {isa = PBXBuildFile; fileRef = C523AA4B2344FA1C0035CCA3 /* AppDelegate.swift */; };
		C523AA4E2344FA1C0035CCA3 /* SceneDelegate.swift in Sources */ = {isa = PBXBuildFile; fileRef = C523AA4D2344FA1C0035CCA3 /* SceneDelegate.swift */; };
		C523AA502344FA1C0035CCA3 /* ViewController.swift in Sources */ = {isa = PBXBuildFile; fileRef = C523AA4F2344FA1C0035CCA3 /* ViewController.swift */; };
		C523AA532344FA1C0035CCA3 /* Main.storyboard in Resources */ = {isa = PBXBuildFile; fileRef = C523AA512344FA1C0035CCA3 /* Main.storyboard */; };
		C523AA552344FA1E0035CCA3 /* Assets.xcassets in Resources */ = {isa = PBXBuildFile; fileRef = C523AA542344FA1E0035CCA3 /* Assets.xcassets */; };
		C523AA582344FA1E0035CCA3 /* LaunchScreen.storyboard in Resources */ = {isa = PBXBuildFile; fileRef = C523AA562344FA1E0035CCA3 /* LaunchScreen.storyboard */; };
/* End PBXBuildFile section */

/* Begin PBXFileReference section */
		C523AA482344FA1C0035CCA3 /* Instagramish.app */ = {isa = PBXFileReference; explicitFileType = wrapper.application; includeInIndex = 0; path = Instagramish.app; sourceTree = BUILT_PRODUCTS_DIR; };
		C523AA4B2344FA1C0035CCA3 /* AppDelegate.swift */ = {isa = PBXFileReference; lastKnownFileType = sourcecode.swift; path = AppDelegate.swift; sourceTree = "<group>"; };
		C523AA4D2344FA1C0035CCA3 /* SceneDelegate.swift */ = {isa = PBXFileReference; lastKnownFileType = sourcecode.swift; path = SceneDelegate.swift; sourceTree = "<group>"; };
		C523AA4F2344FA1C0035CCA3 /* ViewController.swift */ = {isa = PBXFileReference; lastKnownFileType = sourcecode.swift; path = ViewController.swift; sourceTree = "<group>"; };
		C523AA522344FA1C0035CCA3 /* Base */ = {isa = PBXFileReference; lastKnownFileType = file.storyboard; name = Base; path = Base.lproj/Main.storyboard; sourceTree = "<group>"; };
		C523AA542344FA1E0035CCA3 /* Assets.xcassets */ = {isa = PBXFileReference; lastKnownFileType = folder.assetcatalog; path = Assets.xcassets; sourceTree = "<group>"; };
		C523AA572344FA1E0035CCA3 /* Base */ = {isa = PBXFileReference; lastKnownFileType = file.storyboard; name = Base; path = Base.lproj/LaunchScreen.storyboard; sourceTree = "<group>"; };
		C523AA592344FA1E0035CCA3 /* Info.plist */ = {isa = PBXFileReference; lastKnownFileType = text.plist.xml; path = Info.plist; sourceTree = "<group>"; };
/* End PBXFileReference section */

/* Begin PBXFrameworksBuildPhase section */
		C523AA452344FA1C0035CCA3 /* Frameworks */ = {
			isa = PBXFrameworksBuildPhase;
			buildActionMask = 2147483647;
			files = (
			);
			runOnlyForDeploymentPostprocessing = 0;
		};
/* End PBXFrameworksBuildPhase section */

/* Begin PBXGroup section */
		C523AA3F2344FA1C0035CCA3 = {
			isa = PBXGroup;
			children = (
				C523AA4A2344FA1C0035CCA3 /* Instagramish */,
				C523AA492344FA1C0035CCA3 /* Products */,
			);
			sourceTree = "<group>";
		};
		C523AA492344FA1C0035CCA3 /* Products */ = {
			isa = PBXGroup;
			children = (
				C523AA482344FA1C0035CCA3 /* Instagramish.app */,
			);
			name = Products;
			sourceTree = "<group>";
		};
		C523AA4A2344FA1C0035CCA3 /* Instagramish */ = {
			isa = PBXGroup;
			children = (
				C523AA4B2344FA1C0035CCA3 /* AppDelegate.swift */,
				C523AA4D2344FA1C0035CCA3 /* SceneDelegate.swift */,
				C523AA4F2344FA1C0035CCA3 /* ViewController.swift */,
				C523AA512344FA1C0035CCA3 /* Main.storyboard */,
				C523AA542344FA1E0035CCA3 /* Assets.xcassets */,
				C523AA562344FA1E0035CCA3 /* LaunchScreen.storyboard */,
				C523AA592344FA1E0035CCA3 /* Info.plist */,
			);
			path = Instagramish;
			sourceTree = "<group>";
		};
/* End PBXGroup section */

/* Begin PBXNativeTarget section */
		C523AA472344FA1C0035CCA3 /* Instagramish */ = {
			isa = PBXNativeTarget;
			buildConfigurationList = C523AA5C2344FA1E0035CCA3 /* Build configuration list for PBXNativeTarget "Instagramish" */;
			buildPhases = (
				C523AA442344FA1C0035CCA3 /* Sources */,
				C523AA452344FA1C0035CCA3 /* Frameworks */,
				C523AA462344FA1C0035CCA3 /* Resources */,
			);
			buildRules = (
			);
			dependencies = (
			);
			name = Instagramish;
			productName = Instagramish;
			productReference = C523AA482344FA1C0035CCA3 /* Instagramish.app */;
			productType = "com.apple.product-type.application";
		};
/* End PBXNativeTarget section */

/* Begin PBXProject section */
		C523AA402344FA1C0035CCA3 /* Project object */ = {
			isa = PBXProject;
			attributes = {
				LastSwiftUpdateCheck = 1100;
				LastUpgradeCheck = 1100;
				ORGANIZATIONNAME = "Kaelen Cook";
				TargetAttributes = {
					C523AA472344FA1C0035CCA3 = {
						CreatedOnToolsVersion = 11.0;
					};
				};
			};
			buildConfigurationList = C523AA432344FA1C0035CCA3 /* Build configuration list for PBXProject "Instagramish" */;
			compatibilityVersion = "Xcode 9.3";
			developmentRegion = en;
			hasScannedForEncodings = 0;
			knownRegions = (
				en,
				Base,
			);
			mainGroup = C523AA3F2344FA1C0035CCA3;
			productRefGroup = C523AA492344FA1C0035CCA3 /* Products */;
			projectDirPath = "";
			projectRoot = "";
			targets = (
				C523AA472344FA1C0035CCA3 /* Instagramish */,
			);
		};
/* End PBXProject section */

/* Begin PBXResourcesBuildPhase section */
		C523AA462344FA1C0035CCA3 /* Resources */ = {
			isa = PBXResourcesBuildPhase;
			buildActionMask = 2147483647;
			files = (
				C523AA582344FA1E0035CCA3 /* LaunchScreen.storyboard in Resources */,
				C523AA552344FA1E0035CCA3 /* Assets.xcassets in Resources */,
				C523AA532344FA1C0035CCA3 /* Main.storyboard in Resources */,
			);
			runOnlyForDeploymentPostprocessing = 0;
		};
/* End PBXResourcesBuildPhase section */

/* Begin PBXSourcesBuildPhase section */
		C523AA442344FA1C0035CCA3 /* Sources */ = {
			isa = PBXSourcesBuildPhase;
			buildActionMask = 2147483647;
			files = (
				C523AA502344FA1C0035CCA3 /* ViewController.swift in Sources */,
				C523AA4C2344FA1C0035CCA3 /* AppDelegate.swift in Sources */,
				C523AA4E2344FA1C0035CCA3 /* SceneDelegate.swift in Sources */,
			);
			runOnlyForDeploymentPostprocessing = 0;
		};
/* End PBXSourcesBuildPhase section */

/* Begin PBXVariantGroup section */
		C523AA512344FA1C0035CCA3 /* Main.storyboard */ = {
			isa = PBXVariantGroup;
			children = (
				C523AA522344FA1C0035CCA3 /* Base */,
			);
			name = Main.storyboard;
			sourceTree = "<group>";
		};
		C523AA562344FA1E0035CCA3 /* LaunchScreen.storyboard */ = {
			isa = PBXVariantGroup;
			children = (
				C523AA572344FA1E0035CCA3 /* Base */,
			);
			name = LaunchScreen.storyboard;
			sourceTree = "<group>";
		};
/* End PBXVariantGroup section */

/* Begin XCBuildConfiguration section */
		C523AA5A2344FA1E0035CCA3 /* Debug */ = {
			isa = XCBuildConfiguration;
			buildSettings = {
				ALWAYS_SEARCH_USER_PATHS = NO;
				CLANG_ANALYZER_NONNULL = YES;
				CLANG_ANALYZER_NUMBER_OBJECT_CONVERSION = YES_AGGRESSIVE;
				CLANG_CXX_LANGUAGE_STANDARD = "gnu++14";
				CLANG_CXX_LIBRARY = "libc++";
				CLANG_ENABLE_MODULES = YES;
				CLANG_ENABLE_OBJC_ARC = YES;
				CLANG_ENABLE_OBJC_WEAK = YES;
				CLANG_WARN_BLOCK_CAPTURE_AUTORELEASING = YES;
				CLANG_WARN_BOOL_CONVERSION = YES;
				CLANG_WARN_COMMA = YES;
				CLANG_WARN_CONSTANT_CONVERSION = YES;
				CLANG_WARN_DEPRECATED_OBJC_IMPLEMENTATIONS = YES;
				CLANG_WARN_DIRECT_OBJC_ISA_USAGE = YES_ERROR;
				CLANG_WARN_DOCUMENTATION_COMMENTS = YES;
				CLANG_WARN_EMPTY_BODY = YES;
				CLANG_WARN_ENUM_CONVERSION = YES;
				CLANG_WARN_INFINITE_RECURSION = YES;
				CLANG_WARN_INT_CONVERSION = YES;
				CLANG_WARN_NON_LITERAL_NULL_CONVERSION = YES;
				CLANG_WARN_OBJC_IMPLICIT_RETAIN_SELF = YES;
				CLANG_WARN_OBJC_LITERAL_CONVERSION = YES;
				CLANG_WARN_OBJC_ROOT_CLASS = YES_ERROR;
				CLANG_WARN_RANGE_LOOP_ANALYSIS = YES;
				CLANG_WARN_STRICT_PROTOTYPES = YES;
				CLANG_WARN_SUSPICIOUS_MOVE = YES;
				CLANG_WARN_UNGUARDED_AVAILABILITY = YES_AGGRESSIVE;
				CLANG_WARN_UNREACHABLE_CODE = YES;
				CLANG_WARN__DUPLICATE_METHOD_MATCH = YES;
				COPY_PHASE_STRIP = NO;
				DEBUG_INFORMATION_FORMAT = dwarf;
				ENABLE_STRICT_OBJC_MSGSEND = YES;
				ENABLE_TESTABILITY = YES;
				GCC_C_LANGUAGE_STANDARD = gnu11;
				GCC_DYNAMIC_NO_PIC = NO;
				GCC_NO_COMMON_BLOCKS = YES;
				GCC_OPTIMIZATION_LEVEL = 0;
				GCC_PREPROCESSOR_DEFINITIONS = (
					"DEBUG=1",
					"$(inherited)",
				);
				GCC_WARN_64_TO_32_BIT_CONVERSION = YES;
				GCC_WARN_ABOUT_RETURN_TYPE = YES_ERROR;
				GCC_WARN_UNDECLARED_SELECTOR = YES;
				GCC_WARN_UNINITIALIZED_AUTOS = YES_AGGRESSIVE;
				GCC_WARN_UNUSED_FUNCTION = YES;
				GCC_WARN_UNUSED_VARIABLE = YES;
				IPHONEOS_DEPLOYMENT_TARGET = 13.0;
				MTL_ENABLE_DEBUG_INFO = INCLUDE_SOURCE;
				MTL_FAST_MATH = YES;
				ONLY_ACTIVE_ARCH = YES;
				SDKROOT = iphoneos;
				SWIFT_ACTIVE_COMPILATION_CONDITIONS = DEBUG;
				SWIFT_OPTIMIZATION_LEVEL = "-Onone";
			};
			name = Debug;
		};
		C523AA5B2344FA1E0035CCA3 /* Release */ = {
			isa = XCBuildConfiguration;
			buildSettings = {
				ALWAYS_SEARCH_USER_PATHS = NO;
				CLANG_ANALYZER_NONNULL = YES;
				CLANG_ANALYZER_NUMBER_OBJECT_CONVERSION = YES_AGGRESSIVE;
				CLANG_CXX_LANGUAGE_STANDARD = "gnu++14";
				CLANG_CXX_LIBRARY = "libc++";
				CLANG_ENABLE_MODULES = YES;
				CLANG_ENABLE_OBJC_ARC = YES;
				CLANG_ENABLE_OBJC_WEAK = YES;
				CLANG_WARN_BLOCK_CAPTURE_AUTORELEASING = YES;
				CLANG_WARN_BOOL_CONVERSION = YES;
				CLANG_WARN_COMMA = YES;
				CLANG_WARN_CONSTANT_CONVERSION = YES;
				CLANG_WARN_DEPRECATED_OBJC_IMPLEMENTATIONS = YES;
				CLANG_WARN_DIRECT_OBJC_ISA_USAGE = YES_ERROR;
				CLANG_WARN_DOCUMENTATION_COMMENTS = YES;
				CLANG_WARN_EMPTY_BODY = YES;
				CLANG_WARN_ENUM_CONVERSION = YES;
				CLANG_WARN_INFINITE_RECURSION = YES;
				CLANG_WARN_INT_CONVERSION = YES;
				CLANG_WARN_NON_LITERAL_NULL_CONVERSION = YES;
				CLANG_WARN_OBJC_IMPLICIT_RETAIN_SELF = YES;
				CLANG_WARN_OBJC_LITERAL_CONVERSION = YES;
				CLANG_WARN_OBJC_ROOT_CLASS = YES_ERROR;
				CLANG_WARN_RANGE_LOOP_ANALYSIS = YES;
				CLANG_WARN_STRICT_PROTOTYPES = YES;
				CLANG_WARN_SUSPICIOUS_MOVE = YES;
				CLANG_WARN_UNGUARDED_AVAILABILITY = YES_AGGRESSIVE;
				CLANG_WARN_UNREACHABLE_CODE = YES;
				CLANG_WARN__DUPLICATE_METHOD_MATCH = YES;
				COPY_PHASE_STRIP = NO;
				DEBUG_INFORMATION_FORMAT = "dwarf-with-dsym";
				ENABLE_NS_ASSERTIONS = NO;
				ENABLE_STRICT_OBJC_MSGSEND = YES;
				GCC_C_LANGUAGE_STANDARD = gnu11;
				GCC_NO_COMMON_BLOCKS = YES;
				GCC_WARN_64_TO_32_BIT_CONVERSION = YES;
				GCC_WARN_ABOUT_RETURN_TYPE = YES_ERROR;
				GCC_WARN_UNDECLARED_SELECTOR = YES;
				GCC_WARN_UNINITIALIZED_AUTOS = YES_AGGRESSIVE;
				GCC_WARN_UNUSED_FUNCTION = YES;
				GCC_WARN_UNUSED_VARIABLE = YES;
				IPHONEOS_DEPLOYMENT_TARGET = 13.0;
				MTL_ENABLE_DEBUG_INFO = NO;
				MTL_FAST_MATH = YES;
				SDKROOT = iphoneos;
				SWIFT_COMPILATION_MODE = wholemodule;
				SWIFT_OPTIMIZATION_LEVEL = "-O";
				VALIDATE_PRODUCT = YES;
			};
			name = Release;
		};
		C523AA5D2344FA1E0035CCA3 /* Debug */ = {
			isa = XCBuildConfiguration;
			buildSettings = {
				ASSETCATALOG_COMPILER_APPICON_NAME = AppIcon;
				CODE_SIGN_STYLE = Automatic;
				DEVELOPMENT_TEAM = NSHAHHR78G;
				INFOPLIST_FILE = Instagramish/Info.plist;
				LD_RUNPATH_SEARCH_PATHS = (
					"$(inherited)",
					"@executable_path/Frameworks",
				);
				PRODUCT_BUNDLE_IDENTIFIER = com.kaelenrexcook.Instagramish;
				PRODUCT_NAME = "$(TARGET_NAME)";
				SWIFT_VERSION = 5.0;
				TARGETED_DEVICE_FAMILY = "1,2";
			};
			name = Debug;
		};
		C523AA5E2344FA1E0035CCA3 /* Release */ = {
			isa = XCBuildConfiguration;
			buildSettings = {
				ASSETCATALOG_COMPILER_APPICON_NAME = AppIcon;
				CODE_SIGN_STYLE = Automatic;
				DEVELOPMENT_TEAM = NSHAHHR78G;
				INFOPLIST_FILE = Instagramish/Info.plist;
				LD_RUNPATH_SEARCH_PATHS = (
					"$(inherited)",
					"@executable_path/Frameworks",
				);
				PRODUCT_BUNDLE_IDENTIFIER = com.kaelenrexcook.Instagramish;
				PRODUCT_NAME = "$(TARGET_NAME)";
				SWIFT_VERSION = 5.0;
				TARGETED_DEVICE_FAMILY = "1,2";
			};
			name = Release;
		};
/* End XCBuildConfiguration section */

/* Begin XCConfigurationList section */
		C523AA432344FA1C0035CCA3 /* Build configuration list for PBXProject "Instagramish" */ = {
			isa = XCConfigurationList;
			buildConfigurations = (
				C523AA5A2344FA1E0035CCA3 /* Debug */,
				C523AA5B2344FA1E0035CCA3 /* Release */,
			);
			defaultConfigurationIsVisible = 0;
			defaultConfigurationName = Release;
		};
		C523AA5C2344FA1E0035CCA3 /* Build configuration list for PBXNativeTarget "Instagramish" */ = {
			isa = XCConfigurationList;
			buildConfigurations = (
				C523AA5D2344FA1E0035CCA3 /* Debug */,
				C523AA5E2344FA1E0035CCA3 /* Release */,
			);
			defaultConfigurationIsVisible = 0;
			defaultConfigurationName = Release;
		};
/* End XCConfigurationList section */
	};
	rootObject = C523AA402344FA1C0035CCA3 /* Project object */;
}
