// !$*UTF8*$!
{
	archiveVersion = 1;
	classes = {
	};
	objectVersion = 50;
	objects = {

/* Begin PBXBuildFile section */
		33AAEB5223D7E38300D087C2 /* AppDelegate.swift in Sources */ = {isa = PBXBuildFile; fileRef = 33AAEB5123D7E38300D087C2 /* AppDelegate.swift */; };
		33AAEB5423D7E38300D087C2 /* ViewController.swift in Sources */ = {isa = PBXBuildFile; fileRef = 33AAEB5323D7E38300D087C2 /* ViewController.swift */; };
		33AAEB5723D7E38300D087C2 /* Main.storyboard in Resources */ = {isa = PBXBuildFile; fileRef = 33AAEB5523D7E38300D087C2 /* Main.storyboard */; };
		33AAEB5923D7E38700D087C2 /* Assets.xcassets in Resources */ = {isa = PBXBuildFile; fileRef = 33AAEB5823D7E38700D087C2 /* Assets.xcassets */; };
		33AAEB5C23D7E38700D087C2 /* LaunchScreen.storyboard in Resources */ = {isa = PBXBuildFile; fileRef = 33AAEB5A23D7E38700D087C2 /* LaunchScreen.storyboard */; };
/* End PBXBuildFile section */

/* Begin PBXFileReference section */
		33AAEB4E23D7E38300D087C2 /* whaleswhalesyayayay.app */ = {isa = PBXFileReference; explicitFileType = wrapper.application; includeInIndex = 0; path = whaleswhalesyayayay.app; sourceTree = BUILT_PRODUCTS_DIR; };
		33AAEB5123D7E38300D087C2 /* AppDelegate.swift */ = {isa = PBXFileReference; lastKnownFileType = sourcecode.swift; path = AppDelegate.swift; sourceTree = "<group>"; };
		33AAEB5323D7E38300D087C2 /* ViewController.swift */ = {isa = PBXFileReference; lastKnownFileType = sourcecode.swift; path = ViewController.swift; sourceTree = "<group>"; };
		33AAEB5623D7E38300D087C2 /* Base */ = {isa = PBXFileReference; lastKnownFileType = file.storyboard; name = Base; path = Base.lproj/Main.storyboard; sourceTree = "<group>"; };
		33AAEB5823D7E38700D087C2 /* Assets.xcassets */ = {isa = PBXFileReference; lastKnownFileType = folder.assetcatalog; path = Assets.xcassets; sourceTree = "<group>"; };
		33AAEB5B23D7E38700D087C2 /* Base */ = {isa = PBXFileReference; lastKnownFileType = file.storyboard; name = Base; path = Base.lproj/LaunchScreen.storyboard; sourceTree = "<group>"; };
		33AAEB5D23D7E38700D087C2 /* Info.plist */ = {isa = PBXFileReference; lastKnownFileType = text.plist.xml; path = Info.plist; sourceTree = "<group>"; };
/* End PBXFileReference section */

/* Begin PBXFrameworksBuildPhase section */
		33AAEB4B23D7E38300D087C2 /* Frameworks */ = {
			isa = PBXFrameworksBuildPhase;
			buildActionMask = 2147483647;
			files = (
			);
			runOnlyForDeploymentPostprocessing = 0;
		};
/* End PBXFrameworksBuildPhase section */

/* Begin PBXGroup section */
		33AAEB4523D7E38300D087C2 = {
			isa = PBXGroup;
			children = (
				33AAEB5023D7E38300D087C2 /* whaleswhalesyayayay */,
				33AAEB4F23D7E38300D087C2 /* Products */,
			);
			sourceTree = "<group>";
		};
		33AAEB4F23D7E38300D087C2 /* Products */ = {
			isa = PBXGroup;
			children = (
				33AAEB4E23D7E38300D087C2 /* whaleswhalesyayayay.app */,
			);
			name = Products;
			sourceTree = "<group>";
		};
		33AAEB5023D7E38300D087C2 /* whaleswhalesyayayay */ = {
			isa = PBXGroup;
			children = (
				33AAEB5123D7E38300D087C2 /* AppDelegate.swift */,
				33AAEB5323D7E38300D087C2 /* ViewController.swift */,
				33AAEB5523D7E38300D087C2 /* Main.storyboard */,
				33AAEB5823D7E38700D087C2 /* Assets.xcassets */,
				33AAEB5A23D7E38700D087C2 /* LaunchScreen.storyboard */,
				33AAEB5D23D7E38700D087C2 /* Info.plist */,
			);
			path = whaleswhalesyayayay;
			sourceTree = "<group>";
		};
/* End PBXGroup section */

/* Begin PBXNativeTarget section */
		33AAEB4D23D7E38300D087C2 /* whaleswhalesyayayay */ = {
			isa = PBXNativeTarget;
			buildConfigurationList = 33AAEB6023D7E38700D087C2 /* Build configuration list for PBXNativeTarget "whaleswhalesyayayay" */;
			buildPhases = (
				33AAEB4A23D7E38300D087C2 /* Sources */,
				33AAEB4B23D7E38300D087C2 /* Frameworks */,
				33AAEB4C23D7E38300D087C2 /* Resources */,
			);
			buildRules = (
			);
			dependencies = (
			);
			name = whaleswhalesyayayay;
			productName = whaleswhalesyayayay;
			productReference = 33AAEB4E23D7E38300D087C2 /* whaleswhalesyayayay.app */;
			productType = "com.apple.product-type.application";
		};
/* End PBXNativeTarget section */

/* Begin PBXProject section */
		33AAEB4623D7E38300D087C2 /* Project object */ = {
			isa = PBXProject;
			attributes = {
				LastSwiftUpdateCheck = 1030;
				LastUpgradeCheck = 1030;
				ORGANIZATIONNAME = "Dani Lubezki";
				TargetAttributes = {
					33AAEB4D23D7E38300D087C2 = {
						CreatedOnToolsVersion = 10.3;
					};
				};
			};
			buildConfigurationList = 33AAEB4923D7E38300D087C2 /* Build configuration list for PBXProject "whaleswhalesyayayay" */;
			compatibilityVersion = "Xcode 9.3";
			developmentRegion = en;
			hasScannedForEncodings = 0;
			knownRegions = (
				en,
				Base,
			);
			mainGroup = 33AAEB4523D7E38300D087C2;
			productRefGroup = 33AAEB4F23D7E38300D087C2 /* Products */;
			projectDirPath = "";
			projectRoot = "";
			targets = (
				33AAEB4D23D7E38300D087C2 /* whaleswhalesyayayay */,
			);
		};
/* End PBXProject section */

/* Begin PBXResourcesBuildPhase section */
		33AAEB4C23D7E38300D087C2 /* Resources */ = {
			isa = PBXResourcesBuildPhase;
			buildActionMask = 2147483647;
			files = (
				33AAEB5C23D7E38700D087C2 /* LaunchScreen.storyboard in Resources */,
				33AAEB5923D7E38700D087C2 /* Assets.xcassets in Resources */,
				33AAEB5723D7E38300D087C2 /* Main.storyboard in Resources */,
			);
			runOnlyForDeploymentPostprocessing = 0;
		};
/* End PBXResourcesBuildPhase section */

/* Begin PBXSourcesBuildPhase section */
		33AAEB4A23D7E38300D087C2 /* Sources */ = {
			isa = PBXSourcesBuildPhase;
			buildActionMask = 2147483647;
			files = (
				33AAEB5423D7E38300D087C2 /* ViewController.swift in Sources */,
				33AAEB5223D7E38300D087C2 /* AppDelegate.swift in Sources */,
			);
			runOnlyForDeploymentPostprocessing = 0;
		};
/* End PBXSourcesBuildPhase section */

/* Begin PBXVariantGroup section */
		33AAEB5523D7E38300D087C2 /* Main.storyboard */ = {
			isa = PBXVariantGroup;
			children = (
				33AAEB5623D7E38300D087C2 /* Base */,
			);
			name = Main.storyboard;
			sourceTree = "<group>";
		};
		33AAEB5A23D7E38700D087C2 /* LaunchScreen.storyboard */ = {
			isa = PBXVariantGroup;
			children = (
				33AAEB5B23D7E38700D087C2 /* Base */,
			);
			name = LaunchScreen.storyboard;
			sourceTree = "<group>";
		};
/* End PBXVariantGroup section */

/* Begin XCBuildConfiguration section */
		33AAEB5E23D7E38700D087C2 /* Debug */ = {
			isa = XCBuildConfiguration;
			buildSettings = {
				ALWAYS_SEARCH_USER_PATHS = NO;
				CLANG_ANALYZER_NONNULL = YES;
				CLANG_ANALYZER_NUMBER_OBJECT_CONVERSION = YES_AGGRESSIVE;
				CLANG_CXX_LANGUAGE_STANDARD = "gnu++14";
				CLANG_CXX_LIBRARY = "libc++";
				CLANG_ENABLE_MODULES = YES;
				CLANG_ENABLE_OBJC_ARC = YES;
				CLANG_ENABLE_OBJC_WEAK = YES;
				CLANG_WARN_BLOCK_CAPTURE_AUTORELEASING = YES;
				CLANG_WARN_BOOL_CONVERSION = YES;
				CLANG_WARN_COMMA = YES;
				CLANG_WARN_CONSTANT_CONVERSION = YES;
				CLANG_WARN_DEPRECATED_OBJC_IMPLEMENTATIONS = YES;
				CLANG_WARN_DIRECT_OBJC_ISA_USAGE = YES_ERROR;
				CLANG_WARN_DOCUMENTATION_COMMENTS = YES;
				CLANG_WARN_EMPTY_BODY = YES;
				CLANG_WARN_ENUM_CONVERSION = YES;
				CLANG_WARN_INFINITE_RECURSION = YES;
				CLANG_WARN_INT_CONVERSION = YES;
				CLANG_WARN_NON_LITERAL_NULL_CONVERSION = YES;
				CLANG_WARN_OBJC_IMPLICIT_RETAIN_SELF = YES;
				CLANG_WARN_OBJC_LITERAL_CONVERSION = YES;
				CLANG_WARN_OBJC_ROOT_CLASS = YES_ERROR;
				CLANG_WARN_RANGE_LOOP_ANALYSIS = YES;
				CLANG_WARN_STRICT_PROTOTYPES = YES;
				CLANG_WARN_SUSPICIOUS_MOVE = YES;
				CLANG_WARN_UNGUARDED_AVAILABILITY = YES_AGGRESSIVE;
				CLANG_WARN_UNREACHABLE_CODE = YES;
				CLANG_WARN__DUPLICATE_METHOD_MATCH = YES;
				CODE_SIGN_IDENTITY = "iPhone Developer";
				COPY_PHASE_STRIP = NO;
				DEBUG_INFORMATION_FORMAT = dwarf;
				ENABLE_STRICT_OBJC_MSGSEND = YES;
				ENABLE_TESTABILITY = YES;
				GCC_C_LANGUAGE_STANDARD = gnu11;
				GCC_DYNAMIC_NO_PIC = NO;
				GCC_NO_COMMON_BLOCKS = YES;
				GCC_OPTIMIZATION_LEVEL = 0;
				GCC_PREPROCESSOR_DEFINITIONS = (
					"DEBUG=1",
					"$(inherited)",
				);
				GCC_WARN_64_TO_32_BIT_CONVERSION = YES;
				GCC_WARN_ABOUT_RETURN_TYPE = YES_ERROR;
				GCC_WARN_UNDECLARED_SELECTOR = YES;
				GCC_WARN_UNINITIALIZED_AUTOS = YES_AGGRESSIVE;
				GCC_WARN_UNUSED_FUNCTION = YES;
				GCC_WARN_UNUSED_VARIABLE = YES;
				IPHONEOS_DEPLOYMENT_TARGET = 12.4;
				MTL_ENABLE_DEBUG_INFO = INCLUDE_SOURCE;
				MTL_FAST_MATH = YES;
				ONLY_ACTIVE_ARCH = YES;
				SDKROOT = iphoneos;
				SWIFT_ACTIVE_COMPILATION_CONDITIONS = DEBUG;
				SWIFT_OPTIMIZATION_LEVEL = "-Onone";
			};
			name = Debug;
		};
		33AAEB5F23D7E38700D087C2 /* Release */ = {
			isa = XCBuildConfiguration;
			buildSettings = {
				ALWAYS_SEARCH_USER_PATHS = NO;
				CLANG_ANALYZER_NONNULL = YES;
				CLANG_ANALYZER_NUMBER_OBJECT_CONVERSION = YES_AGGRESSIVE;
				CLANG_CXX_LANGUAGE_STANDARD = "gnu++14";
				CLANG_CXX_LIBRARY = "libc++";
				CLANG_ENABLE_MODULES = YES;
				CLANG_ENABLE_OBJC_ARC = YES;
				CLANG_ENABLE_OBJC_WEAK = YES;
				CLANG_WARN_BLOCK_CAPTURE_AUTORELEASING = YES;
				CLANG_WARN_BOOL_CONVERSION = YES;
				CLANG_WARN_COMMA = YES;
				CLANG_WARN_CONSTANT_CONVERSION = YES;
				CLANG_WARN_DEPRECATED_OBJC_IMPLEMENTATIONS = YES;
				CLANG_WARN_DIRECT_OBJC_ISA_USAGE = YES_ERROR;
				CLANG_WARN_DOCUMENTATION_COMMENTS = YES;
				CLANG_WARN_EMPTY_BODY = YES;
				CLANG_WARN_ENUM_CONVERSION = YES;
				CLANG_WARN_INFINITE_RECURSION = YES;
				CLANG_WARN_INT_CONVERSION = YES;
				CLANG_WARN_NON_LITERAL_NULL_CONVERSION = YES;
				CLANG_WARN_OBJC_IMPLICIT_RETAIN_SELF = YES;
				CLANG_WARN_OBJC_LITERAL_CONVERSION = YES;
				CLANG_WARN_OBJC_ROOT_CLASS = YES_ERROR;
				CLANG_WARN_RANGE_LOOP_ANALYSIS = YES;
				CLANG_WARN_STRICT_PROTOTYPES = YES;
				CLANG_WARN_SUSPICIOUS_MOVE = YES;
				CLANG_WARN_UNGUARDED_AVAILABILITY = YES_AGGRESSIVE;
				CLANG_WARN_UNREACHABLE_CODE = YES;
				CLANG_WARN__DUPLICATE_METHOD_MATCH = YES;
				CODE_SIGN_IDENTITY = "iPhone Developer";
				COPY_PHASE_STRIP = NO;
				DEBUG_INFORMATION_FORMAT = "dwarf-with-dsym";
				ENABLE_NS_ASSERTIONS = NO;
				ENABLE_STRICT_OBJC_MSGSEND = YES;
				GCC_C_LANGUAGE_STANDARD = gnu11;
				GCC_NO_COMMON_BLOCKS = YES;
				GCC_WARN_64_TO_32_BIT_CONVERSION = YES;
				GCC_WARN_ABOUT_RETURN_TYPE = YES_ERROR;
				GCC_WARN_UNDECLARED_SELECTOR = YES;
				GCC_WARN_UNINITIALIZED_AUTOS = YES_AGGRESSIVE;
				GCC_WARN_UNUSED_FUNCTION = YES;
				GCC_WARN_UNUSED_VARIABLE = YES;
				IPHONEOS_DEPLOYMENT_TARGET = 12.4;
				MTL_ENABLE_DEBUG_INFO = NO;
				MTL_FAST_MATH = YES;
				SDKROOT = iphoneos;
				SWIFT_COMPILATION_MODE = wholemodule;
				SWIFT_OPTIMIZATION_LEVEL = "-O";
				VALIDATE_PRODUCT = YES;
			};
			name = Release;
		};
		33AAEB6123D7E38700D087C2 /* Debug */ = {
			isa = XCBuildConfiguration;
			buildSettings = {
				ASSETCATALOG_COMPILER_APPICON_NAME = AppIcon;
				CODE_SIGN_STYLE = Automatic;
				INFOPLIST_FILE = whaleswhalesyayayay/Info.plist;
				LD_RUNPATH_SEARCH_PATHS = (
					"$(inherited)",
					"@executable_path/Frameworks",
				);
				PRODUCT_BUNDLE_IDENTIFIER = com.DanielaLubezki.whaleswhalesyayayay;
				PRODUCT_NAME = "$(TARGET_NAME)";
				SWIFT_VERSION = 5.0;
				TARGETED_DEVICE_FAMILY = "1,2";
			};
			name = Debug;
		};
		33AAEB6223D7E38700D087C2 /* Release */ = {
			isa = XCBuildConfiguration;
			buildSettings = {
				ASSETCATALOG_COMPILER_APPICON_NAME = AppIcon;
				CODE_SIGN_STYLE = Automatic;
				INFOPLIST_FILE = whaleswhalesyayayay/Info.plist;
				LD_RUNPATH_SEARCH_PATHS = (
					"$(inherited)",
					"@executable_path/Frameworks",
				);
				PRODUCT_BUNDLE_IDENTIFIER = com.DanielaLubezki.whaleswhalesyayayay;
				PRODUCT_NAME = "$(TARGET_NAME)";
				SWIFT_VERSION = 5.0;
				TARGETED_DEVICE_FAMILY = "1,2";
			};
			name = Release;
		};
/* End XCBuildConfiguration section */

/* Begin XCConfigurationList section */
		33AAEB4923D7E38300D087C2 /* Build configuration list for PBXProject "whaleswhalesyayayay" */ = {
			isa = XCConfigurationList;
			buildConfigurations = (
				33AAEB5E23D7E38700D087C2 /* Debug */,
				33AAEB5F23D7E38700D087C2 /* Release */,
			);
			defaultConfigurationIsVisible = 0;
			defaultConfigurationName = Release;
		};
		33AAEB6023D7E38700D087C2 /* Build configuration list for PBXNativeTarget "whaleswhalesyayayay" */ = {
			isa = XCConfigurationList;
			buildConfigurations = (
				33AAEB6123D7E38700D087C2 /* Debug */,
				33AAEB6223D7E38700D087C2 /* Release */,
			);
			defaultConfigurationIsVisible = 0;
			defaultConfigurationName = Release;
		};
/* End XCConfigurationList section */
	};
	rootObject = 33AAEB4623D7E38300D087C2 /* Project object */;
}
